
Microsoft Visual Studio Solution File, Format Version 12.00
# Visual Studio Version 17
VisualStudioVersion = 17.4.33213.308
MinimumVisualStudioVersion = 10.0.40219.1
Project("{FAE04EC0-301F-11D3-BF4B-00C04F79EFBC}") = "Survely_api_aspnet", "Survely_api_aspnet.csproj", "{3B324EE5-BD09-4D5D-B049-60BDC0A8A0E1}"
EndProject
Global
	GlobalSection(SolutionConfigurationPlatforms) = preSolution
		Debug|Any CPU = Debug|Any CPU
		Release|Any CPU = Release|Any CPU
	EndGlobalSection
	GlobalSection(ProjectConfigurationPlatforms) = postSolution
		{3B324EE5-BD09-4D5D-B049-60BDC0A8A0E1}.Debug|Any CPU.ActiveCfg = Debug|Any CPU
		{3B324EE5-BD09-4D5D-B049-60BDC0A8A0E1}.Debug|Any CPU.Build.0 = Debug|Any CPU
		{3B324EE5-BD09-4D5D-B049-60BDC0A8A0E1}.Release|Any CPU.ActiveCfg = Release|Any CPU
		{3B324EE5-BD09-4D5D-B049-60BDC0A8A0E1}.Release|Any CPU.Build.0 = Release|Any CPU
	EndGlobalSection
	GlobalSection(SolutionProperties) = preSolution
		HideSolutionNode = FALSE
	EndGlobalSection
	GlobalSection(ExtensibilityGlobals) = postSolution
		SolutionGuid = {0D579F23-9ABA-4B65-8188-37C13C8234B6}
	EndGlobalSection
EndGlobal
